<?xml version="1.0" encoding="UTF-8" standalone="yes" ?>
<CodeBlocks_project_file>
	<FileVersion major="1" minor="6" />
	<Project>
		<Option title="luaserver" />
		<Option pch_mode="2" />
		<Option compiler="gcc" />
		<Build>
			<Target title="Debug">
				<Option output="bin/Debug/luaserver" prefix_auto="1" extension_auto="1" />
				<Option object_output="obj/Debug/" />
				<Option type="1" />
				<Option compiler="gcc" />
				<Compiler>
					<Add option="-g" />
					<Add directory="/usr/local/include/luajit-2.0" />
				</Compiler>
				<Linker>
					<Add library="microhttpd" />
					<Add library="luajit-2.0" />
					<Add library="rt" />
				</Linker>
			</Target>
			<Target title="Release">
				<Option output="bin/Release/luaserver" prefix_auto="1" extension_auto="1" />
				<Option object_output="obj/Release/" />
				<Option type="1" />
				<Option compiler="gcc" />
				<Compiler>
					<Add option="-O2" />
					<Add directory="/usr/local/include/luajit-2.0" />
				</Compiler>
				<Linker>
					<Add option="-s" />
					<Add library="microhttpd" />
					<Add library="luajit-2.0" />
					<Add library="rt" />
				</Linker>
			</Target>
		</Build>
		<Compiler>
			<Add option="-Wall" />
			<Add option="-fexceptions" />
		</Compiler>
		<Unit filename="src/HandelConnection.cpp" />
		<Unit filename="src/HandelConnection.h" />
		<Unit filename="src/LuaFuncs.cpp" />
		<Unit filename="src/LuaFuncs.h" />
		<Unit filename="src/Luacreator.cpp" />
		<Unit filename="src/Luacreator.h" />
		<Unit filename="src/main.cpp" />
		<Extensions>
			<code_completion />
			<envvars />
			<debugger />
			<lib_finder disable_auto="1" />
		</Extensions>
	</Project>
</CodeBlocks_project_file>
